
Microsoft Visual Studio Solution File, Format Version 12.00
# Visual Studio Version 16
VisualStudioVersion = 16.0.30413.136
MinimumVisualStudioVersion = 10.0.40219.1
Project("{8BC9CEB8-8B4A-11D0-8D11-00A0C91BC942}") = "freetype", "freetype.vcxproj", "{B2C2301E-3460-4F21-A902-8D9CC3A58C1D}"
EndProject
Global
	GlobalSection(SolutionConfigurationPlatforms) = preSolution
		Debug|x64 = Debug|x64
		Release with Debugging Capability|x64 = Release with Debugging Capability|x64
		Release|x64 = Release|x64
	EndGlobalSection
	GlobalSection(ProjectConfigurationPlatforms) = postSolution
		{B2C2301E-3460-4F21-A902-8D9CC3A58C1D}.Debug|x64.ActiveCfg = Debug|x64
		{B2C2301E-3460-4F21-A902-8D9CC3A58C1D}.Debug|x64.Build.0 = Debug|x64
		{B2C2301E-3460-4F21-A902-8D9CC3A58C1D}.Release with Debugging Capability|x64.ActiveCfg = Release with Debugging Capability|x64
		{B2C2301E-3460-4F21-A902-8D9CC3A58C1D}.Release with Debugging Capability|x64.Build.0 = Release with Debugging Capability|x64
		{B2C2301E-3460-4F21-A902-8D9CC3A58C1D}.Release|x64.ActiveCfg = Release|x64
		{B2C2301E-3460-4F21-A902-8D9CC3A58C1D}.Release|x64.Build.0 = Release|x64
	EndGlobalSection
	GlobalSection(SolutionProperties) = preSolution
		HideSolutionNode = FALSE
	EndGlobalSection
	GlobalSection(ExtensibilityGlobals) = postSolution
		SolutionGuid = {F64026E2-49BA-4270-A615-D18915145254}
	EndGlobalSection
EndGlobal
